
Microsoft Visual Studio Solution File, Format Version 12.00
# Visual Studio Version 17
VisualStudioVersion = 17.9.34728.123
MinimumVisualStudioVersion = 10.0.40219.1
Project("{FAE04EC0-301F-11D3-BF4B-00C04F79EFBC}") = "BaiLab_ThucHanh_LHL", "BaiLab_ThucHanh_LHL\BaiLab_ThucHanh_LHL.csproj", "{265EEC0A-ECF8-449C-8262-021C6585B3C1}"
EndProject
Global
	GlobalSection(SolutionConfigurationPlatforms) = preSolution
		Debug|Any CPU = Debug|Any CPU
		Release|Any CPU = Release|Any CPU
	EndGlobalSection
	GlobalSection(ProjectConfigurationPlatforms) = postSolution
		{265EEC0A-ECF8-449C-8262-021C6585B3C1}.Debug|Any CPU.ActiveCfg = Debug|Any CPU
		{265EEC0A-ECF8-449C-8262-021C6585B3C1}.Debug|Any CPU.Build.0 = Debug|Any CPU
		{265EEC0A-ECF8-449C-8262-021C6585B3C1}.Release|Any CPU.ActiveCfg = Release|Any CPU
		{265EEC0A-ECF8-449C-8262-021C6585B3C1}.Release|Any CPU.Build.0 = Release|Any CPU
	EndGlobalSection
	GlobalSection(SolutionProperties) = preSolution
		HideSolutionNode = FALSE
	EndGlobalSection
	GlobalSection(ExtensibilityGlobals) = postSolution
		SolutionGuid = {7FFC3849-098E-4FB7-B128-9A790C99163C}
	EndGlobalSection
EndGlobal
